<?xml version="1.0" encoding="utf-8"?>
<Project ToolsVersion="4.0" xmlns="http://schemas.microsoft.com/developer/msbuild/2003">
  <ItemGroup>
    <Filter Include="Source Files">
      <UniqueIdentifier>{05ec5647-d68d-45c4-b98a-fd4c661ebd8c}</UniqueIdentifier>
    </Filter>
    <Filter Include="Source Files\Engine">
      <UniqueIdentifier>{4ae1ed1f-0a80-4a09-bd65-ef988e30bfe3}</UniqueIdentifier>
    </Filter>
    <Filter Include="Source Files\Entities">
      <UniqueIdentifier>{f17ca07f-f6b5-491e-a227-c78c715e213c}</UniqueIdentifier>
    </Filter>
    <Filter Include="Source Files\System">
      <UniqueIdentifier>{5ba15364-accd-4405-af72-c148df87a2f5}</UniqueIdentifier>
    </Filter>
    <Filter Include="Source Files\Render">
      <UniqueIdentifier>{05110af2-1053-4b10-a0c6-ec5265dff1ba}</UniqueIdentifier>
    </Filter>
    <Filter Include="Source Files\Render\D3D">
      <UniqueIdentifier>{9fcc7ba4-f7dd-4151-b1e5-036b3dfdddb6}</UniqueIdentifier>
    </Filter>
    <Filter Include="Header Files">
      <UniqueIdentifier>{93995380-89BD-4b04-88EB-625FBE52EBFB}</UniqueIdentifier>
      <Extensions>h;hpp;hxx;hm;inl;inc;xsd</Extensions>
    </Filter>
    <Filter Include="Header Files\Engine">
      <UniqueIdentifier>{74c55620-a382-4259-88fa-dea85298fd5e}</UniqueIdentifier>
    </Filter>
    <Filter Include="Header Files\Entities">
      <UniqueIdentifier>{dd16ca58-12d6-49fc-8352-1dbac7802059}</UniqueIdentifier>
    </Filter>
    <Filter Include="Header Files\System">
      <UniqueIdentifier>{e0d89fb0-8dff-4aa2-88a1-d1e98364a45c}</UniqueIdentifier>
    </Filter>
    <Filter Include="Header Files\Render">
      <UniqueIdentifier>{d1eb56a1-82a6-4bb1-b883-de70a05d492c}</UniqueIdentifier>
    </Filter>
    <Filter Include="Header Files\Render\D3D">
      <UniqueIdentifier>{39af50ce-a071-4eac-8b87-ad07bc2ffe32}</UniqueIdentifier>
    </Filter>
    <Filter Include="Header Files\Util">
      <UniqueIdentifier>{23f7a52d-77b8-4075-a84f-3589a45b8748}</UniqueIdentifier>
    </Filter>
    <Filter Include="Source Files\Util">
      <UniqueIdentifier>{278983a7-93f2-4466-9911-b5d04c9baaca}</UniqueIdentifier>
    </Filter>
  </ItemGroup>
  <ItemGroup>
    <ClCompile Include="main.cpp">
      <Filter>Source Files</Filter>
    </ClCompile>
    <ClCompile Include="Engine\Color.cpp">
      <Filter>Source Files\Engine</Filter>
    </ClCompile>
    <ClCompile Include="Engine\Vector.cpp">
      <Filter>Source Files\Engine</Filter>
    </ClCompile>
    <ClCompile Include="Engine\Window.cpp">
      <Filter>Source Files\Engine</Filter>
    </ClCompile>
    <ClCompile Include="Entities\BaseEntity.cpp">
      <Filter>Source Files\Entities</Filter>
    </ClCompile>
    <ClCompile Include="System\Thread.cpp">
      <Filter>Source Files\System</Filter>
    </ClCompile>
    <ClCompile Include="System\Timer.cpp">
      <Filter>Source Files\System</Filter>
    </ClCompile>
    <ClCompile Include="Render\IRenderer.cpp">
      <Filter>Source Files\Render</Filter>
    </ClCompile>
    <ClCompile Include="Render\D3D\D3D.cpp">
      <Filter>Source Files\Render\D3D</Filter>
    </ClCompile>
    <ClCompile Include="Util\base64.cpp">
      <Filter>Source Files\Util</Filter>
    </ClCompile>
  </ItemGroup>
  <ItemGroup>
    <ClInclude Include="Engine\Color.h">
      <Filter>Header Files\Engine</Filter>
    </ClInclude>
    <ClInclude Include="Engine\Vector.h">
      <Filter>Header Files\Engine</Filter>
    </ClInclude>
    <ClInclude Include="Engine\Window.h">
      <Filter>Header Files\Engine</Filter>
    </ClInclude>
    <ClInclude Include="Entities\BaseEntity.h">
      <Filter>Header Files\Entities</Filter>
    </ClInclude>
    <ClInclude Include="System\Thread.h">
      <Filter>Header Files\System</Filter>
    </ClInclude>
    <ClInclude Include="System\Timer.h">
      <Filter>Header Files\System</Filter>
    </ClInclude>
    <ClInclude Include="Render\IRenderer.h">
      <Filter>Header Files\Render</Filter>
    </ClInclude>
    <ClInclude Include="Render\D3D\D3D.h">
      <Filter>Header Files\Render\D3D</Filter>
    </ClInclude>
    <ClInclude Include="Util\base64.h">
      <Filter>Header Files\Util</Filter>
    </ClInclude>
    <ClInclude Include="resource.h">
      <Filter>Header Files</Filter>
    </ClInclude>
  </ItemGroup>
</Project>